
Microsoft Visual Studio Solution File, Format Version 12.00
# Visual Studio Version 17
VisualStudioVersion = 17.2.32616.157
MinimumVisualStudioVersion = 10.0.40219.1
Project("{FAE04EC0-301F-11D3-BF4B-00C04F79EFBC}") = "MiniProject_1team_client", "MiniProject_1team_client\MiniProject_1team_client.csproj", "{630E8E6E-CDBC-478C-A2DE-DDC1D8E7668A}"
EndProject
Global
	GlobalSection(SolutionConfigurationPlatforms) = preSolution
		Debug|Any CPU = Debug|Any CPU
		Release|Any CPU = Release|Any CPU
	EndGlobalSection
	GlobalSection(ProjectConfigurationPlatforms) = postSolution
		{630E8E6E-CDBC-478C-A2DE-DDC1D8E7668A}.Debug|Any CPU.ActiveCfg = Debug|Any CPU
		{630E8E6E-CDBC-478C-A2DE-DDC1D8E7668A}.Debug|Any CPU.Build.0 = Debug|Any CPU
		{630E8E6E-CDBC-478C-A2DE-DDC1D8E7668A}.Release|Any CPU.ActiveCfg = Release|Any CPU
		{630E8E6E-CDBC-478C-A2DE-DDC1D8E7668A}.Release|Any CPU.Build.0 = Release|Any CPU
	EndGlobalSection
	GlobalSection(SolutionProperties) = preSolution
		HideSolutionNode = FALSE
	EndGlobalSection
	GlobalSection(ExtensibilityGlobals) = postSolution
		SolutionGuid = {407D7A72-B290-40E6-83CC-28E0390960BC}
	EndGlobalSection
EndGlobal
